
Microsoft Visual Studio Solution File, Format Version 12.00
# Visual Studio Version 17
VisualStudioVersion = 17.5.33627.172
MinimumVisualStudioVersion = 10.0.40219.1
Project("{FAE04EC0-301F-11D3-BF4B-00C04F79EFBC}") = "DesignPatterns", "DesignPatterns.csproj", "{81FD93A5-A6EB-441E-80C3-B0145ABBC442}"
EndProject
Project("{FAE04EC0-301F-11D3-BF4B-00C04F79EFBC}") = "DesignPatternsTests", "..\DesignPatternsTests\DesignPatternsTests.csproj", "{D6455B86-459E-4F56-8125-53DC47D8537E}"
EndProject
Global
	GlobalSection(SolutionConfigurationPlatforms) = preSolution
		Debug|Any CPU = Debug|Any CPU
		Release|Any CPU = Release|Any CPU
	EndGlobalSection
	GlobalSection(ProjectConfigurationPlatforms) = postSolution
		{81FD93A5-A6EB-441E-80C3-B0145ABBC442}.Debug|Any CPU.ActiveCfg = Debug|Any CPU
		{81FD93A5-A6EB-441E-80C3-B0145ABBC442}.Debug|Any CPU.Build.0 = Debug|Any CPU
		{81FD93A5-A6EB-441E-80C3-B0145ABBC442}.Release|Any CPU.ActiveCfg = Release|Any CPU
		{81FD93A5-A6EB-441E-80C3-B0145ABBC442}.Release|Any CPU.Build.0 = Release|Any CPU
		{D6455B86-459E-4F56-8125-53DC47D8537E}.Debug|Any CPU.ActiveCfg = Debug|Any CPU
		{D6455B86-459E-4F56-8125-53DC47D8537E}.Debug|Any CPU.Build.0 = Debug|Any CPU
		{D6455B86-459E-4F56-8125-53DC47D8537E}.Release|Any CPU.ActiveCfg = Release|Any CPU
		{D6455B86-459E-4F56-8125-53DC47D8537E}.Release|Any CPU.Build.0 = Release|Any CPU
	EndGlobalSection
	GlobalSection(SolutionProperties) = preSolution
		HideSolutionNode = FALSE
	EndGlobalSection
	GlobalSection(ExtensibilityGlobals) = postSolution
		SolutionGuid = {56060096-9FDA-4C4F-92F2-EFD69B4189EB}
	EndGlobalSection
EndGlobal
